
Microsoft Visual Studio Solution File, Format Version 12.00
# Visual Studio 2012
Project("{FAE04EC0-301F-11D3-BF4B-00C04F79EFBC}") = "KBBI-Crawler-2", "KBBI-Crawler-2\KBBI-Crawler-2.csproj", "{C63752D1-8A74-4285-891D-012F281F5FC9}"
EndProject
Global
	GlobalSection(SolutionConfigurationPlatforms) = preSolution
		Debug|Any CPU = Debug|Any CPU
		Release|Any CPU = Release|Any CPU
	EndGlobalSection
	GlobalSection(ProjectConfigurationPlatforms) = postSolution
		{C63752D1-8A74-4285-891D-012F281F5FC9}.Debug|Any CPU.ActiveCfg = Debug|Any CPU
		{C63752D1-8A74-4285-891D-012F281F5FC9}.Debug|Any CPU.Build.0 = Debug|Any CPU
		{C63752D1-8A74-4285-891D-012F281F5FC9}.Release|Any CPU.ActiveCfg = Release|Any CPU
		{C63752D1-8A74-4285-891D-012F281F5FC9}.Release|Any CPU.Build.0 = Release|Any CPU
	EndGlobalSection
	GlobalSection(SolutionProperties) = preSolution
		HideSolutionNode = FALSE
	EndGlobalSection
EndGlobal
